Microsoft Visual Studio Solution File, Format Version 12.00
# Visual Studio Version 17
VisualStudioVersion = 17.5.2.0
MinimumVisualStudioVersion = 10.0.40219.1
Project("{2150E333-8FDC-42A3-9474-1A3956D46DE8}") = "CSE212", "CSE212", "{096B67F2-800C-D3D9-03ED-A4DAF683F5FE}"
EndProject
Project("{2150E333-8FDC-42A3-9474-1A3956D46DE8}") = "sandbox", "sandbox", "{55FBC49B-FBA7-561C-C79F-A1A40231299B}"
EndProject
Project("{FAE04EC0-301F-11D3-BF4B-00C04F79EFBC}") = "sandbox_project", "CSE212\sandbox\sandbox_project\sandbox_project.csproj", "{7F0078D8-E73C-DA0B-80E8-FA68964E83B5}"
EndProject
Project("{2150E333-8FDC-42A3-9474-1A3956D46DE8}") = "week01", "week01", "{B1C07479-6F7C-5886-EF41-D56317FA7E35}"
EndProject
Project("{FAE04EC0-301F-11D3-BF4B-00C04F79EFBC}") = "analyze", "CSE212\week01\analyze\analyze.csproj", "{C1AA3A1E-E1F6-4391-2A54-412359C74214}"
EndProject
Project("{FAE04EC0-301F-11D3-BF4B-00C04F79EFBC}") = "code", "CSE212\week01\code\code.csproj", "{F531B68B-72D3-401F-2CAC-B5E444477C8A}"
EndProject
Project("{FAE04EC0-301F-11D3-BF4B-00C04F79EFBC}") = "teach", "CSE212\week01\teach\teach.csproj", "{1367BADE-79E6-CCE4-1EDA-17FC02B03585}"
EndProject
Project("{2150E333-8FDC-42A3-9474-1A3956D46DE8}") = "week02", "week02", "{04977382-70B4-35A4-6BB1-FFF72AA78EF5}"
EndProject
Project("{FAE04EC0-301F-11D3-BF4B-00C04F79EFBC}") = "analyze", "CSE212\week02\analyze\analyze.csproj", "{8CBF62FD-F28B-4F2E-1475-C2ED2B1525F9}"
EndProject
Project("{FAE04EC0-301F-11D3-BF4B-00C04F79EFBC}") = "code", "CSE212\week02\code\code.csproj", "{0D88F81D-50DA-C58F-8FEC-2039FEFCB306}"
EndProject
Project("{FAE04EC0-301F-11D3-BF4B-00C04F79EFBC}") = "learn", "CSE212\week02\learn\learn.csproj", "{F2692202-BB71-101F-458E-979C9E8F5095}"
EndProject
Project("{FAE04EC0-301F-11D3-BF4B-00C04F79EFBC}") = "teach", "CSE212\week02\teach\teach.csproj", "{C396DA6F-0861-5F43-CA36-732A4BA00577}"
EndProject
Project("{2150E333-8FDC-42A3-9474-1A3956D46DE8}") = "week03", "week03", "{B3A5C7C0-DCED-65FF-F180-508FF0C224A8}"
EndProject
Project("{FAE04EC0-301F-11D3-BF4B-00C04F79EFBC}") = "code", "CSE212\week03\code\code.csproj", "{463233A5-FB83-9152-4B81-2B7641F4991E}"
EndProject
Project("{FAE04EC0-301F-11D3-BF4B-00C04F79EFBC}") = "learn", "CSE212\week03\learn\learn.csproj", "{E715B559-30FE-1B81-8AFF-CD18C6687C49}"
EndProject
Project("{FAE04EC0-301F-11D3-BF4B-00C04F79EFBC}") = "teach", "CSE212\week03\teach\teach.csproj", "{FD8BA26B-6DFA-39E5-30B5-FD9DDE4CAD59}"
EndProject
Project("{2150E333-8FDC-42A3-9474-1A3956D46DE8}") = "week04", "week04", "{8304F2CF-6220-BB0E-4DA5-14DDE9193D8E}"
EndProject
Project("{FAE04EC0-301F-11D3-BF4B-00C04F79EFBC}") = "code", "CSE212\week04\code\code.csproj", "{2FEAA255-2605-1442-199B-9FD6A1E7EBB2}"
EndProject
Project("{2150E333-8FDC-42A3-9474-1A3956D46DE8}") = "week05", "week05", "{5F026929-5169-6590-C764-DDF8A5D07D1A}"
EndProject
Project("{FAE04EC0-301F-11D3-BF4B-00C04F79EFBC}") = "code", "CSE212\week05\code\code.csproj", "{3295A98F-B05D-E986-ADCC-4FD31BF0BDED}"
EndProject
Project("{2150E333-8FDC-42A3-9474-1A3956D46DE8}") = "week06", "week06", "{B2A64841-DB3C-BC0A-084B-F0FF08B47A28}"
EndProject
Project("{FAE04EC0-301F-11D3-BF4B-00C04F79EFBC}") = "code", "CSE212\week06\code\code.csproj", "{699CB1B5-3EBC-812F-9623-35F80417ECB1}"
EndProject
Global
	GlobalSection(SolutionConfigurationPlatforms) = preSolution
		Debug|Any CPU = Debug|Any CPU
		Release|Any CPU = Release|Any CPU
	EndGlobalSection
	GlobalSection(ProjectConfigurationPlatforms) = postSolution
		{7F0078D8-E73C-DA0B-80E8-FA68964E83B5}.Debug|Any CPU.ActiveCfg = Debug|Any CPU
		{7F0078D8-E73C-DA0B-80E8-FA68964E83B5}.Debug|Any CPU.Build.0 = Debug|Any CPU
		{7F0078D8-E73C-DA0B-80E8-FA68964E83B5}.Release|Any CPU.ActiveCfg = Release|Any CPU
		{7F0078D8-E73C-DA0B-80E8-FA68964E83B5}.Release|Any CPU.Build.0 = Release|Any CPU
		{C1AA3A1E-E1F6-4391-2A54-412359C74214}.Debug|Any CPU.ActiveCfg = Debug|Any CPU
		{C1AA3A1E-E1F6-4391-2A54-412359C74214}.Debug|Any CPU.Build.0 = Debug|Any CPU
		{C1AA3A1E-E1F6-4391-2A54-412359C74214}.Release|Any CPU.ActiveCfg = Release|Any CPU
		{C1AA3A1E-E1F6-4391-2A54-412359C74214}.Release|Any CPU.Build.0 = Release|Any CPU
		{F531B68B-72D3-401F-2CAC-B5E444477C8A}.Debug|Any CPU.ActiveCfg = Debug|Any CPU
		{F531B68B-72D3-401F-2CAC-B5E444477C8A}.Debug|Any CPU.Build.0 = Debug|Any CPU
		{F531B68B-72D3-401F-2CAC-B5E444477C8A}.Release|Any CPU.ActiveCfg = Release|Any CPU
		{F531B68B-72D3-401F-2CAC-B5E444477C8A}.Release|Any CPU.Build.0 = Release|Any CPU
		{1367BADE-79E6-CCE4-1EDA-17FC02B03585}.Debug|Any CPU.ActiveCfg = Debug|Any CPU
		{1367BADE-79E6-CCE4-1EDA-17FC02B03585}.Debug|Any CPU.Build.0 = Debug|Any CPU
		{1367BADE-79E6-CCE4-1EDA-17FC02B03585}.Release|Any CPU.ActiveCfg = Release|Any CPU
		{1367BADE-79E6-CCE4-1EDA-17FC02B03585}.Release|Any CPU.Build.0 = Release|Any CPU
		{8CBF62FD-F28B-4F2E-1475-C2ED2B1525F9}.Debug|Any CPU.ActiveCfg = Debug|Any CPU
		{8CBF62FD-F28B-4F2E-1475-C2ED2B1525F9}.Debug|Any CPU.Build.0 = Debug|Any CPU
		{8CBF62FD-F28B-4F2E-1475-C2ED2B1525F9}.Release|Any CPU.ActiveCfg = Release|Any CPU
		{8CBF62FD-F28B-4F2E-1475-C2ED2B1525F9}.Release|Any CPU.Build.0 = Release|Any CPU
		{0D88F81D-50DA-C58F-8FEC-2039FEFCB306}.Debug|Any CPU.ActiveCfg = Debug|Any CPU
		{0D88F81D-50DA-C58F-8FEC-2039FEFCB306}.Debug|Any CPU.Build.0 = Debug|Any CPU
		{0D88F81D-50DA-C58F-8FEC-2039FEFCB306}.Release|Any CPU.ActiveCfg = Release|Any CPU
		{0D88F81D-50DA-C58F-8FEC-2039FEFCB306}.Release|Any CPU.Build.0 = Release|Any CPU
		{F2692202-BB71-101F-458E-979C9E8F5095}.Debug|Any CPU.ActiveCfg = Debug|Any CPU
		{F2692202-BB71-101F-458E-979C9E8F5095}.Debug|Any CPU.Build.0 = Debug|Any CPU
		{F2692202-BB71-101F-458E-979C9E8F5095}.Release|Any CPU.ActiveCfg = Release|Any CPU
		{F2692202-BB71-101F-458E-979C9E8F5095}.Release|Any CPU.Build.0 = Release|Any CPU
		{C396DA6F-0861-5F43-CA36-732A4BA00577}.Debug|Any CPU.ActiveCfg = Debug|Any CPU
		{C396DA6F-0861-5F43-CA36-732A4BA00577}.Debug|Any CPU.Build.0 = Debug|Any CPU
		{C396DA6F-0861-5F43-CA36-732A4BA00577}.Release|Any CPU.ActiveCfg = Release|Any CPU
		{C396DA6F-0861-5F43-CA36-732A4BA00577}.Release|Any CPU.Build.0 = Release|Any CPU
		{463233A5-FB83-9152-4B81-2B7641F4991E}.Debug|Any CPU.ActiveCfg = Debug|Any CPU
		{463233A5-FB83-9152-4B81-2B7641F4991E}.Debug|Any CPU.Build.0 = Debug|Any CPU
		{463233A5-FB83-9152-4B81-2B7641F4991E}.Release|Any CPU.ActiveCfg = Release|Any CPU
		{463233A5-FB83-9152-4B81-2B7641F4991E}.Release|Any CPU.Build.0 = Release|Any CPU
		{E715B559-30FE-1B81-8AFF-CD18C6687C49}.Debug|Any CPU.ActiveCfg = Debug|Any CPU
		{E715B559-30FE-1B81-8AFF-CD18C6687C49}.Debug|Any CPU.Build.0 = Debug|Any CPU
		{E715B559-30FE-1B81-8AFF-CD18C6687C49}.Release|Any CPU.ActiveCfg = Release|Any CPU
		{E715B559-30FE-1B81-8AFF-CD18C6687C49}.Release|Any CPU.Build.0 = Release|Any CPU
		{FD8BA26B-6DFA-39E5-30B5-FD9DDE4CAD59}.Debug|Any CPU.ActiveCfg = Debug|Any CPU
		{FD8BA26B-6DFA-39E5-30B5-FD9DDE4CAD59}.Debug|Any CPU.Build.0 = Debug|Any CPU
		{FD8BA26B-6DFA-39E5-30B5-FD9DDE4CAD59}.Release|Any CPU.ActiveCfg = Release|Any CPU
		{FD8BA26B-6DFA-39E5-30B5-FD9DDE4CAD59}.Release|Any CPU.Build.0 = Release|Any CPU
		{2FEAA255-2605-1442-199B-9FD6A1E7EBB2}.Debug|Any CPU.ActiveCfg = Debug|Any CPU
		{2FEAA255-2605-1442-199B-9FD6A1E7EBB2}.Debug|Any CPU.Build.0 = Debug|Any CPU
		{2FEAA255-2605-1442-199B-9FD6A1E7EBB2}.Release|Any CPU.ActiveCfg = Release|Any CPU
		{2FEAA255-2605-1442-199B-9FD6A1E7EBB2}.Release|Any CPU.Build.0 = Release|Any CPU
		{3295A98F-B05D-E986-ADCC-4FD31BF0BDED}.Debug|Any CPU.ActiveCfg = Debug|Any CPU
		{3295A98F-B05D-E986-ADCC-4FD31BF0BDED}.Debug|Any CPU.Build.0 = Debug|Any CPU
		{3295A98F-B05D-E986-ADCC-4FD31BF0BDED}.Release|Any CPU.ActiveCfg = Release|Any CPU
		{3295A98F-B05D-E986-ADCC-4FD31BF0BDED}.Release|Any CPU.Build.0 = Release|Any CPU
		{699CB1B5-3EBC-812F-9623-35F80417ECB1}.Debug|Any CPU.ActiveCfg = Debug|Any CPU
		{699CB1B5-3EBC-812F-9623-35F80417ECB1}.Debug|Any CPU.Build.0 = Debug|Any CPU
		{699CB1B5-3EBC-812F-9623-35F80417ECB1}.Release|Any CPU.ActiveCfg = Release|Any CPU
		{699CB1B5-3EBC-812F-9623-35F80417ECB1}.Release|Any CPU.Build.0 = Release|Any CPU
	EndGlobalSection
	GlobalSection(SolutionProperties) = preSolution
		HideSolutionNode = FALSE
	EndGlobalSection
	GlobalSection(NestedProjects) = preSolution
		{55FBC49B-FBA7-561C-C79F-A1A40231299B} = {096B67F2-800C-D3D9-03ED-A4DAF683F5FE}
		{7F0078D8-E73C-DA0B-80E8-FA68964E83B5} = {55FBC49B-FBA7-561C-C79F-A1A40231299B}
		{B1C07479-6F7C-5886-EF41-D56317FA7E35} = {096B67F2-800C-D3D9-03ED-A4DAF683F5FE}
		{C1AA3A1E-E1F6-4391-2A54-412359C74214} = {B1C07479-6F7C-5886-EF41-D56317FA7E35}
		{F531B68B-72D3-401F-2CAC-B5E444477C8A} = {B1C07479-6F7C-5886-EF41-D56317FA7E35}
		{1367BADE-79E6-CCE4-1EDA-17FC02B03585} = {B1C07479-6F7C-5886-EF41-D56317FA7E35}
		{04977382-70B4-35A4-6BB1-FFF72AA78EF5} = {096B67F2-800C-D3D9-03ED-A4DAF683F5FE}
		{8CBF62FD-F28B-4F2E-1475-C2ED2B1525F9} = {04977382-70B4-35A4-6BB1-FFF72AA78EF5}
		{0D88F81D-50DA-C58F-8FEC-2039FEFCB306} = {04977382-70B4-35A4-6BB1-FFF72AA78EF5}
		{F2692202-BB71-101F-458E-979C9E8F5095} = {04977382-70B4-35A4-6BB1-FFF72AA78EF5}
		{C396DA6F-0861-5F43-CA36-732A4BA00577} = {04977382-70B4-35A4-6BB1-FFF72AA78EF5}
		{B3A5C7C0-DCED-65FF-F180-508FF0C224A8} = {096B67F2-800C-D3D9-03ED-A4DAF683F5FE}
		{463233A5-FB83-9152-4B81-2B7641F4991E} = {B3A5C7C0-DCED-65FF-F180-508FF0C224A8}
		{E715B559-30FE-1B81-8AFF-CD18C6687C49} = {B3A5C7C0-DCED-65FF-F180-508FF0C224A8}
		{FD8BA26B-6DFA-39E5-30B5-FD9DDE4CAD59} = {B3A5C7C0-DCED-65FF-F180-508FF0C224A8}
		{8304F2CF-6220-BB0E-4DA5-14DDE9193D8E} = {096B67F2-800C-D3D9-03ED-A4DAF683F5FE}
		{2FEAA255-2605-1442-199B-9FD6A1E7EBB2} = {8304F2CF-6220-BB0E-4DA5-14DDE9193D8E}
		{5F026929-5169-6590-C764-DDF8A5D07D1A} = {096B67F2-800C-D3D9-03ED-A4DAF683F5FE}
		{3295A98F-B05D-E986-ADCC-4FD31BF0BDED} = {5F026929-5169-6590-C764-DDF8A5D07D1A}
		{B2A64841-DB3C-BC0A-084B-F0FF08B47A28} = {096B67F2-800C-D3D9-03ED-A4DAF683F5FE}
		{699CB1B5-3EBC-812F-9623-35F80417ECB1} = {B2A64841-DB3C-BC0A-084B-F0FF08B47A28}
	EndGlobalSection
	GlobalSection(ExtensibilityGlobals) = postSolution
		SolutionGuid = {97E342DF-90D8-40FC-8E55-E778B742B178}
	EndGlobalSection
EndGlobal
